
Microsoft Visual Studio Solution File, Format Version 12.00
# Visual Studio Version 16
VisualStudioVersion = 16.0.31005.135
MinimumVisualStudioVersion = 10.0.40219.1
Project("{9A19103F-16F7-4668-BE54-9A1E7A4F7556}") = "NewsAnalyzer", "NewsAnalyzer.csproj", "{48787BA4-2CAF-41A8-854D-4A7EF5539E49}"
EndProject
Project("{2150E333-8FDC-42A3-9474-1A3956D46DE8}") = "NewsAnalyzer.DAL", "NewsAnalyzer.DAL", "{8B361688-D903-4609-9C5C-D01636E08592}"
EndProject
Project("{9A19103F-16F7-4668-BE54-9A1E7A4F7556}") = "NewsAnalyzer.DAL.Core", "..\NewsAnalyzer.DAL.Entities\NewsAnalyzer.DAL.Core.csproj", "{71A450BF-E54A-47D7-B51D-B1AC4D85CA6F}"
EndProject
Project("{2150E333-8FDC-42A3-9474-1A3956D46DE8}") = "NewaAnalyzer.Core", "NewaAnalyzer.Core", "{163C6AAD-ABD6-4826-A05A-86A3EC635CA2}"
EndProject
Project("{9A19103F-16F7-4668-BE54-9A1E7A4F7556}") = "NewsAnalyzer.Core.Services.Interfaces", "..\NewsAnalyzer.Core.Interfaces.Services\NewsAnalyzer.Core.Services.Interfaces.csproj", "{500F508C-6AC6-4EC2-9F9E-DE1944FB0E3C}"
EndProject
Project("{9A19103F-16F7-4668-BE54-9A1E7A4F7556}") = "NewsAnalyzer.Core.DataTransferObjects", "..\NewsAnalyzer.Core.DataTransferObjects\NewsAnalyzer.Core.DataTransferObjects.csproj", "{CB89A32B-0D86-4946-8F0B-2BBCFCE85DFC}"
EndProject
Project("{2150E333-8FDC-42A3-9474-1A3956D46DE8}") = "NewsAnalyzer.Services.Implementation", "NewsAnalyzer.Services.Implementation", "{9D430356-1278-4987-A79C-418FA11741D6}"
EndProject
Project("{9A19103F-16F7-4668-BE54-9A1E7A4F7556}") = "NewsAnalyzer.Services.Implementation", "..\NewsAnalyzer.Services.Implementation\NewsAnalyzer.Services.Implementation.csproj", "{DE8EDFC8-4668-45C0-9E06-E559B5DEBD6B}"
EndProject
Project("{9A19103F-16F7-4668-BE54-9A1E7A4F7556}") = "NewsAnalyzer.Dal.Repositories.Implementation", "..\NewsAnalyzer.Dal.Repositories\NewsAnalyzer.Dal.Repositories.Implementation.csproj", "{C726680B-D2B3-42A7-9998-7ACF507AFD03}"
EndProject
Project("{9A19103F-16F7-4668-BE54-9A1E7A4F7556}") = "NewsAnalyzer.Dal.Repositories.Interfaces", "..\NewsAnalyzer.Dal.Repositories.Interfaces\NewsAnalyzer.Dal.Repositories.Interfaces.csproj", "{483D6127-F8A7-49F5-A60A-2EF164B3B46D}"
EndProject
Project("{2150E333-8FDC-42A3-9474-1A3956D46DE8}") = "NewsAnalyzer.Util", "NewsAnalyzer.Util", "{A65F520F-7654-4771-BCFF-BC6873B0FC6D}"
EndProject
Project("{9A19103F-16F7-4668-BE54-9A1E7A4F7556}") = "NewsAnalyzer.Utils.Html", "..\NewsAnalyzer.Utils.Html\NewsAnalyzer.Utils.Html.csproj", "{2540FE8D-6638-4337-BCEA-BBC2E2BC2F0D}"
EndProject
Project("{9A19103F-16F7-4668-BE54-9A1E7A4F7556}") = "NewsAnalyzer.WebAPI", "..\NewsAnalyzer.WebAPI\NewsAnalyzer.WebAPI.csproj", "{83F12E8B-7C5C-4D21-9EAA-64732084148D}"
EndProject
Project("{9A19103F-16F7-4668-BE54-9A1E7A4F7556}") = "NewsAnalyzer.DAL.CQRS", "..\NewsAnalyzer.DAL.CQRS\NewsAnalyzer.DAL.CQRS.csproj", "{43CF2E04-5712-40DD-B25F-D5F4135C5728}"
EndProject
Project("{2150E333-8FDC-42A3-9474-1A3956D46DE8}") = "NewsAnalyzer.Web", "NewsAnalyzer.Web", "{F8CA2EC2-70AE-4E53-BD11-8E53D60AD9F4}"
EndProject
Project("{9A19103F-16F7-4668-BE54-9A1E7A4F7556}") = "NewsAnalyzer.Web.Services", "..\NewsAnalyzer.Web.Services\NewsAnalyzer.Web.Services.csproj", "{60F982AC-5BD0-4587-B89D-E6FE3A190172}"
EndProject
Project("{9A19103F-16F7-4668-BE54-9A1E7A4F7556}") = "NewsAnalyzer.Util.Text", "..\NewsAnalyzer.Util.Text\NewsAnalyzer.Util.Text.csproj", "{D6AAA793-5313-4178-9549-AB9283F6B0D8}"
EndProject
Project("{2150E333-8FDC-42A3-9474-1A3956D46DE8}") = "NewsAnalyzer.View", "NewsAnalyzer.View", "{F6549F83-7467-4751-9537-DF2C152E1A7E}"
EndProject
Project("{FAE04EC0-301F-11D3-BF4B-00C04F79EFBC}") = "NewsAnalyzer.View.Models", "..\NewsAnalyzer.View.Models\NewsAnalyzer.View.Models.csproj", "{125FCA85-B524-4887-8224-43BD0A129E63}"
EndProject
Global
	GlobalSection(SolutionConfigurationPlatforms) = preSolution
		Debug|Any CPU = Debug|Any CPU
		Release|Any CPU = Release|Any CPU
	EndGlobalSection
	GlobalSection(ProjectConfigurationPlatforms) = postSolution
		{48787BA4-2CAF-41A8-854D-4A7EF5539E49}.Debug|Any CPU.ActiveCfg = Debug|Any CPU
		{48787BA4-2CAF-41A8-854D-4A7EF5539E49}.Debug|Any CPU.Build.0 = Debug|Any CPU
		{48787BA4-2CAF-41A8-854D-4A7EF5539E49}.Release|Any CPU.ActiveCfg = Release|Any CPU
		{48787BA4-2CAF-41A8-854D-4A7EF5539E49}.Release|Any CPU.Build.0 = Release|Any CPU
		{71A450BF-E54A-47D7-B51D-B1AC4D85CA6F}.Debug|Any CPU.ActiveCfg = Debug|Any CPU
		{71A450BF-E54A-47D7-B51D-B1AC4D85CA6F}.Debug|Any CPU.Build.0 = Debug|Any CPU
		{71A450BF-E54A-47D7-B51D-B1AC4D85CA6F}.Release|Any CPU.ActiveCfg = Release|Any CPU
		{71A450BF-E54A-47D7-B51D-B1AC4D85CA6F}.Release|Any CPU.Build.0 = Release|Any CPU
		{500F508C-6AC6-4EC2-9F9E-DE1944FB0E3C}.Debug|Any CPU.ActiveCfg = Debug|Any CPU
		{500F508C-6AC6-4EC2-9F9E-DE1944FB0E3C}.Debug|Any CPU.Build.0 = Debug|Any CPU
		{500F508C-6AC6-4EC2-9F9E-DE1944FB0E3C}.Release|Any CPU.ActiveCfg = Release|Any CPU
		{500F508C-6AC6-4EC2-9F9E-DE1944FB0E3C}.Release|Any CPU.Build.0 = Release|Any CPU
		{CB89A32B-0D86-4946-8F0B-2BBCFCE85DFC}.Debug|Any CPU.ActiveCfg = Debug|Any CPU
		{CB89A32B-0D86-4946-8F0B-2BBCFCE85DFC}.Debug|Any CPU.Build.0 = Debug|Any CPU
		{CB89A32B-0D86-4946-8F0B-2BBCFCE85DFC}.Release|Any CPU.ActiveCfg = Release|Any CPU
		{CB89A32B-0D86-4946-8F0B-2BBCFCE85DFC}.Release|Any CPU.Build.0 = Release|Any CPU
		{DE8EDFC8-4668-45C0-9E06-E559B5DEBD6B}.Debug|Any CPU.ActiveCfg = Debug|Any CPU
		{DE8EDFC8-4668-45C0-9E06-E559B5DEBD6B}.Debug|Any CPU.Build.0 = Debug|Any CPU
		{DE8EDFC8-4668-45C0-9E06-E559B5DEBD6B}.Release|Any CPU.ActiveCfg = Release|Any CPU
		{DE8EDFC8-4668-45C0-9E06-E559B5DEBD6B}.Release|Any CPU.Build.0 = Release|Any CPU
		{C726680B-D2B3-42A7-9998-7ACF507AFD03}.Debug|Any CPU.ActiveCfg = Debug|Any CPU
		{C726680B-D2B3-42A7-9998-7ACF507AFD03}.Debug|Any CPU.Build.0 = Debug|Any CPU
		{C726680B-D2B3-42A7-9998-7ACF507AFD03}.Release|Any CPU.ActiveCfg = Release|Any CPU
		{C726680B-D2B3-42A7-9998-7ACF507AFD03}.Release|Any CPU.Build.0 = Release|Any CPU
		{483D6127-F8A7-49F5-A60A-2EF164B3B46D}.Debug|Any CPU.ActiveCfg = Debug|Any CPU
		{483D6127-F8A7-49F5-A60A-2EF164B3B46D}.Debug|Any CPU.Build.0 = Debug|Any CPU
		{483D6127-F8A7-49F5-A60A-2EF164B3B46D}.Release|Any CPU.ActiveCfg = Release|Any CPU
		{483D6127-F8A7-49F5-A60A-2EF164B3B46D}.Release|Any CPU.Build.0 = Release|Any CPU
		{2540FE8D-6638-4337-BCEA-BBC2E2BC2F0D}.Debug|Any CPU.ActiveCfg = Debug|Any CPU
		{2540FE8D-6638-4337-BCEA-BBC2E2BC2F0D}.Debug|Any CPU.Build.0 = Debug|Any CPU
		{2540FE8D-6638-4337-BCEA-BBC2E2BC2F0D}.Release|Any CPU.ActiveCfg = Release|Any CPU
		{2540FE8D-6638-4337-BCEA-BBC2E2BC2F0D}.Release|Any CPU.Build.0 = Release|Any CPU
		{83F12E8B-7C5C-4D21-9EAA-64732084148D}.Debug|Any CPU.ActiveCfg = Debug|Any CPU
		{83F12E8B-7C5C-4D21-9EAA-64732084148D}.Debug|Any CPU.Build.0 = Debug|Any CPU
		{83F12E8B-7C5C-4D21-9EAA-64732084148D}.Release|Any CPU.ActiveCfg = Release|Any CPU
		{83F12E8B-7C5C-4D21-9EAA-64732084148D}.Release|Any CPU.Build.0 = Release|Any CPU
		{43CF2E04-5712-40DD-B25F-D5F4135C5728}.Debug|Any CPU.ActiveCfg = Debug|Any CPU
		{43CF2E04-5712-40DD-B25F-D5F4135C5728}.Debug|Any CPU.Build.0 = Debug|Any CPU
		{43CF2E04-5712-40DD-B25F-D5F4135C5728}.Release|Any CPU.ActiveCfg = Release|Any CPU
		{43CF2E04-5712-40DD-B25F-D5F4135C5728}.Release|Any CPU.Build.0 = Release|Any CPU
		{60F982AC-5BD0-4587-B89D-E6FE3A190172}.Debug|Any CPU.ActiveCfg = Debug|Any CPU
		{60F982AC-5BD0-4587-B89D-E6FE3A190172}.Debug|Any CPU.Build.0 = Debug|Any CPU
		{60F982AC-5BD0-4587-B89D-E6FE3A190172}.Release|Any CPU.ActiveCfg = Release|Any CPU
		{60F982AC-5BD0-4587-B89D-E6FE3A190172}.Release|Any CPU.Build.0 = Release|Any CPU
		{D6AAA793-5313-4178-9549-AB9283F6B0D8}.Debug|Any CPU.ActiveCfg = Debug|Any CPU
		{D6AAA793-5313-4178-9549-AB9283F6B0D8}.Debug|Any CPU.Build.0 = Debug|Any CPU
		{D6AAA793-5313-4178-9549-AB9283F6B0D8}.Release|Any CPU.ActiveCfg = Release|Any CPU
		{D6AAA793-5313-4178-9549-AB9283F6B0D8}.Release|Any CPU.Build.0 = Release|Any CPU
		{125FCA85-B524-4887-8224-43BD0A129E63}.Debug|Any CPU.ActiveCfg = Debug|Any CPU
		{125FCA85-B524-4887-8224-43BD0A129E63}.Debug|Any CPU.Build.0 = Debug|Any CPU
		{125FCA85-B524-4887-8224-43BD0A129E63}.Release|Any CPU.ActiveCfg = Release|Any CPU
		{125FCA85-B524-4887-8224-43BD0A129E63}.Release|Any CPU.Build.0 = Release|Any CPU
	EndGlobalSection
	GlobalSection(SolutionProperties) = preSolution
		HideSolutionNode = FALSE
	EndGlobalSection
	GlobalSection(NestedProjects) = preSolution
		{71A450BF-E54A-47D7-B51D-B1AC4D85CA6F} = {8B361688-D903-4609-9C5C-D01636E08592}
		{500F508C-6AC6-4EC2-9F9E-DE1944FB0E3C} = {163C6AAD-ABD6-4826-A05A-86A3EC635CA2}
		{CB89A32B-0D86-4946-8F0B-2BBCFCE85DFC} = {163C6AAD-ABD6-4826-A05A-86A3EC635CA2}
		{DE8EDFC8-4668-45C0-9E06-E559B5DEBD6B} = {9D430356-1278-4987-A79C-418FA11741D6}
		{C726680B-D2B3-42A7-9998-7ACF507AFD03} = {8B361688-D903-4609-9C5C-D01636E08592}
		{483D6127-F8A7-49F5-A60A-2EF164B3B46D} = {8B361688-D903-4609-9C5C-D01636E08592}
		{2540FE8D-6638-4337-BCEA-BBC2E2BC2F0D} = {A65F520F-7654-4771-BCFF-BC6873B0FC6D}
		{43CF2E04-5712-40DD-B25F-D5F4135C5728} = {8B361688-D903-4609-9C5C-D01636E08592}
		{60F982AC-5BD0-4587-B89D-E6FE3A190172} = {F8CA2EC2-70AE-4E53-BD11-8E53D60AD9F4}
		{D6AAA793-5313-4178-9549-AB9283F6B0D8} = {A65F520F-7654-4771-BCFF-BC6873B0FC6D}
		{125FCA85-B524-4887-8224-43BD0A129E63} = {F6549F83-7467-4751-9537-DF2C152E1A7E}
	EndGlobalSection
	GlobalSection(ExtensibilityGlobals) = postSolution
		SolutionGuid = {BC6EBC54-1FAF-4F2E-9FEC-F9D04C891AE6}
	EndGlobalSection
EndGlobal
